
Microsoft Visual Studio Solution File, Format Version 12.00
# Visual Studio Version 17
VisualStudioVersion = 17.3.32825.248
MinimumVisualStudioVersion = 10.0.40219.1
Project("{FAE04EC0-301F-11D3-BF4B-00C04F79EFBC}") = "Notepad", "Notepad\Notepad.csproj", "{E72CC5CC-54DF-49F6-9C82-888583EE5397}"
EndProject
Global
	GlobalSection(SolutionConfigurationPlatforms) = preSolution
		Debug|Any CPU = Debug|Any CPU
		Release|Any CPU = Release|Any CPU
	EndGlobalSection
	GlobalSection(ProjectConfigurationPlatforms) = postSolution
		{E72CC5CC-54DF-49F6-9C82-888583EE5397}.Debug|Any CPU.ActiveCfg = Debug|Any CPU
		{E72CC5CC-54DF-49F6-9C82-888583EE5397}.Debug|Any CPU.Build.0 = Debug|Any CPU
		{E72CC5CC-54DF-49F6-9C82-888583EE5397}.Release|Any CPU.ActiveCfg = Release|Any CPU
		{E72CC5CC-54DF-49F6-9C82-888583EE5397}.Release|Any CPU.Build.0 = Release|Any CPU
	EndGlobalSection
	GlobalSection(SolutionProperties) = preSolution
		HideSolutionNode = FALSE
	EndGlobalSection
	GlobalSection(ExtensibilityGlobals) = postSolution
		SolutionGuid = {8E941D9A-C93A-433E-9795-48D765223D94}
	EndGlobalSection
EndGlobal
